<?xml version="1.0" encoding="utf-8"?>
<Project ToolsVersion="4.0" xmlns="http://schemas.microsoft.com/developer/msbuild/2003">
  <ItemGroup>
    <Filter Include="Common">
      <UniqueIdentifier>c95ed220-87f7-4041-83d7-acfadadd53f7</UniqueIdentifier>
    </Filter>
    <Filter Include="Assets">
      <UniqueIdentifier>8178575a-ff87-446b-8c1b-b5d12610822f</UniqueIdentifier>
      <Extensions>ico;cur;bmp;dds;dlg;fbx;rct;bin;rgs;gif;jpg;jpeg;jpe;resx;tga;tiff;tif;png;wav;mfcribbon-ms</Extensions>
    </Filter>
    <Filter Include="Graphics">
      <UniqueIdentifier>{d064a6fe-3b52-4f98-ac44-5c5bfd620de4}</UniqueIdentifier>
    </Filter>
    <Filter Include="Shaders">
      <UniqueIdentifier>{88197a49-7ebc-40e3-a2f8-532b9705d4dc}</UniqueIdentifier>
    </Filter>
    <Filter Include="Systems">
      <UniqueIdentifier>{b40362ed-875f-44d0-9daf-333459f002b2}</UniqueIdentifier>
    </Filter>
  </ItemGroup>
  <ItemGroup>
    <ClInclude Include="src\DeviceResources.h">
      <Filter>Common</Filter>
    </ClInclude>
    <ClInclude Include="src\StepTimer.h">
      <Filter>Common</Filter>
    </ClInclude>
    <ClInclude Include="src\Game.h" />
    <ClInclude Include="src\pch.h" />
    <ClInclude Include="src\Model.h">
      <Filter>Graphics</Filter>
    </ClInclude>
    <ClInclude Include="src\Scene.h">
      <Filter>Graphics</Filter>
    </ClInclude>
    <ClInclude Include="src\Animation.h">
      <Filter>Graphics</Filter>
    </ClInclude>
    <ClInclude Include="src\ReadData.h">
      <Filter>Common</Filter>
    </ClInclude>
    <ClInclude Include="src\GltfSceneLoader.h">
      <Filter>Graphics</Filter>
    </ClInclude>
    <ClInclude Include="src\ECSRegistry.h" />
    <ClInclude Include="src\InputLayoutManager.h">
      <Filter>Graphics</Filter>
    </ClInclude>
    <ClInclude Include="src\Renderer.h" />
    <ClInclude Include="src\Mesh.h">
      <Filter>Graphics</Filter>
    </ClInclude>
    <ClInclude Include="src\DXHelpers.h">
      <Filter>Graphics</Filter>
    </ClInclude>
    <ClInclude Include="src\bdrMemory.h">
      <Filter>Common</Filter>
    </ClInclude>
    <ClInclude Include="src\Material.h">
      <Filter>Graphics</Filter>
    </ClInclude>
    <ClInclude Include="src\AnimationSystem.h">
      <Filter>Systems</Filter>
    </ClInclude>
    <ClInclude Include="src\GPUBuffer.h">
      <Filter>Graphics</Filter>
    </ClInclude>
  </ItemGroup>
  <ItemGroup>
    <ClCompile Include="src\DeviceResources.cpp">
      <Filter>Common</Filter>
    </ClCompile>
    <ClCompile Include="src\Game.cpp" />
    <ClCompile Include="src\pch.cpp" />
    <ClCompile Include="src\Model.cpp">
      <Filter>Graphics</Filter>
    </ClCompile>
    <ClCompile Include="src\Main.cpp" />
    <ClCompile Include="src\Scene.cpp">
      <Filter>Graphics</Filter>
    </ClCompile>
    <ClCompile Include="src\Animation.cpp">
      <Filter>Graphics</Filter>
    </ClCompile>
    <ClCompile Include="src\GltfSceneLoader.cpp">
      <Filter>Graphics</Filter>
    </ClCompile>
    <ClCompile Include="src\ECSRegistry.cpp" />
    <ClCompile Include="src\Renderer.cpp" />
    <ClCompile Include="src\InputLayoutManager.cpp" />
    <ClCompile Include="src\Material.cpp">
      <Filter>Graphics</Filter>
    </ClCompile>
    <ClCompile Include="src\AnimationSystem.cpp">
      <Filter>Systems</Filter>
    </ClCompile>
  </ItemGroup>
  <ItemGroup>
    <ResourceCompile Include="resource.rc" />
  </ItemGroup>
  <ItemGroup>
    <Image Include="directx.ico">
      <Filter>Assets</Filter>
    </Image>
  </ItemGroup>
  <ItemGroup>
    <Manifest Include="settings.manifest">
      <Filter>Assets</Filter>
    </Manifest>
  </ItemGroup>
  <ItemGroup>
    <None Include="packages.config" />
  </ItemGroup>
  <ItemGroup>
    <FxCompile Include="src\Shaders\basic_ps.hlsl">
      <Filter>Shaders</Filter>
    </FxCompile>
    <FxCompile Include="src\Shaders\basic_vs.hlsl">
      <Filter>Shaders</Filter>
    </FxCompile>
    <FxCompile Include="src\Shaders\skinned_basic_ps.hlsl">
      <Filter>Shaders</Filter>
    </FxCompile>
    <FxCompile Include="src\Shaders\skinned_basic_vs.hlsl">
      <Filter>Shaders</Filter>
    </FxCompile>
    <FxCompile Include="src\skinning.hlsl">
      <Filter>Shaders</Filter>
    </FxCompile>
  </ItemGroup>
</Project>