
Microsoft Visual Studio Solution File, Format Version 12.00
# Visual Studio 16
Project("{8BC9CEB8-8B4A-11D0-8D11-00A0C91BC942}") = "bdr_lib", "bdr_lib.vcxproj", "{F398136D-5F78-9208-6890-1DDFD4EEF869}"
EndProject
Project("{2150E333-8FDC-42A3-9474-1A3956D46DE8}") = "examples", "examples", "{EB5FC2C6-D72D-B6CC-C0C1-26F3AC2E9231}"
EndProject
Project("{8BC9CEB8-8B4A-11D0-8D11-00A0C91BC942}") = "example-01-basic", "example-01-basic.vcxproj", "{EE6E068F-DA67-25E1-039A-0A66EFF104ED}"
EndProject
Global
	GlobalSection(SolutionConfigurationPlatforms) = preSolution
		Debug|x64 = Debug|x64
		Release|x64 = Release|x64
	EndGlobalSection
	GlobalSection(ProjectConfigurationPlatforms) = postSolution
		{F398136D-5F78-9208-6890-1DDFD4EEF869}.Debug|x64.ActiveCfg = Debug|x64
		{F398136D-5F78-9208-6890-1DDFD4EEF869}.Debug|x64.Build.0 = Debug|x64
		{F398136D-5F78-9208-6890-1DDFD4EEF869}.Release|x64.ActiveCfg = Release|x64
		{F398136D-5F78-9208-6890-1DDFD4EEF869}.Release|x64.Build.0 = Release|x64
		{EE6E068F-DA67-25E1-039A-0A66EFF104ED}.Debug|x64.ActiveCfg = Debug|x64
		{EE6E068F-DA67-25E1-039A-0A66EFF104ED}.Debug|x64.Build.0 = Debug|x64
		{EE6E068F-DA67-25E1-039A-0A66EFF104ED}.Release|x64.ActiveCfg = Release|x64
		{EE6E068F-DA67-25E1-039A-0A66EFF104ED}.Release|x64.Build.0 = Release|x64
	EndGlobalSection
	GlobalSection(SolutionProperties) = preSolution
		HideSolutionNode = FALSE
	EndGlobalSection
	GlobalSection(NestedProjects) = preSolution
		{EE6E068F-DA67-25E1-039A-0A66EFF104ED} = {EB5FC2C6-D72D-B6CC-C0C1-26F3AC2E9231}
	EndGlobalSection
EndGlobal
