<?xml version="1.0" encoding="utf-8"?>
<Project ToolsVersion="4.0" xmlns="http://schemas.microsoft.com/developer/msbuild/2003">
  <ItemGroup>
    <Filter Include="src">
      <UniqueIdentifier>{2DAB880B-99B4-887C-2230-9F7C8E38947C}</UniqueIdentifier>
    </Filter>
    <Filter Include="src\Shaders">
      <UniqueIdentifier>{06ADC7FB-7262-40F1-FB56-3AC8670B37F5}</UniqueIdentifier>
    </Filter>
  </ItemGroup>
  <ItemGroup>
    <ClInclude Include="..\src\Animation.h">
      <Filter>src</Filter>
    </ClInclude>
    <ClInclude Include="..\src\AnimationSystem.h">
      <Filter>src</Filter>
    </ClInclude>
    <ClInclude Include="..\src\Camera.h">
      <Filter>src</Filter>
    </ClInclude>
    <ClInclude Include="..\src\DXHelpers.h">
      <Filter>src</Filter>
    </ClInclude>
    <ClInclude Include="..\src\DeviceResources.h">
      <Filter>src</Filter>
    </ClInclude>
    <ClInclude Include="..\src\ECSRegistry.h">
      <Filter>src</Filter>
    </ClInclude>
    <ClInclude Include="..\src\GPUBuffer.h">
      <Filter>src</Filter>
    </ClInclude>
    <ClInclude Include="..\src\Game.h">
      <Filter>src</Filter>
    </ClInclude>
    <ClInclude Include="..\src\GltfSceneLoader.h">
      <Filter>src</Filter>
    </ClInclude>
    <ClInclude Include="..\src\InputLayoutManager.h">
      <Filter>src</Filter>
    </ClInclude>
    <ClInclude Include="..\src\Material.h">
      <Filter>src</Filter>
    </ClInclude>
    <ClInclude Include="..\src\Mesh.h">
      <Filter>src</Filter>
    </ClInclude>
    <ClInclude Include="..\src\Model.h">
      <Filter>src</Filter>
    </ClInclude>
    <ClInclude Include="..\src\ReadData.h">
      <Filter>src</Filter>
    </ClInclude>
    <ClInclude Include="..\src\RenderPass.h">
      <Filter>src</Filter>
    </ClInclude>
    <ClInclude Include="..\src\Renderer.h">
      <Filter>src</Filter>
    </ClInclude>
    <ClInclude Include="..\src\ResourceManager.h">
      <Filter>src</Filter>
    </ClInclude>
    <ClInclude Include="..\src\RingBuffer.h">
      <Filter>src</Filter>
    </ClInclude>
    <ClInclude Include="..\src\Scene.h">
      <Filter>src</Filter>
    </ClInclude>
    <ClInclude Include="..\src\StepTimer.h">
      <Filter>src</Filter>
    </ClInclude>
    <ClInclude Include="..\src\Texture.h">
      <Filter>src</Filter>
    </ClInclude>
    <ClInclude Include="..\src\View.h">
      <Filter>src</Filter>
    </ClInclude>
    <ClInclude Include="..\src\bdrMath.h">
      <Filter>src</Filter>
    </ClInclude>
    <ClInclude Include="..\src\bdrMemory.h">
      <Filter>src</Filter>
    </ClInclude>
    <ClInclude Include="..\src\entry.h">
      <Filter>src</Filter>
    </ClInclude>
    <ClInclude Include="..\src\pch.h">
      <Filter>src</Filter>
    </ClInclude>
    <ClInclude Include="..\src\Window.h" />
  </ItemGroup>
  <ItemGroup>
    <ClCompile Include="..\src\Animation.cpp">
      <Filter>src</Filter>
    </ClCompile>
    <ClCompile Include="..\src\AnimationSystem.cpp">
      <Filter>src</Filter>
    </ClCompile>
    <ClCompile Include="..\src\Camera.cpp">
      <Filter>src</Filter>
    </ClCompile>
    <ClCompile Include="..\src\DeviceResources.cpp">
      <Filter>src</Filter>
    </ClCompile>
    <ClCompile Include="..\src\ECSRegistry.cpp">
      <Filter>src</Filter>
    </ClCompile>
    <ClCompile Include="..\src\GPUBuffer.cpp">
      <Filter>src</Filter>
    </ClCompile>
    <ClCompile Include="..\src\Game.cpp">
      <Filter>src</Filter>
    </ClCompile>
    <ClCompile Include="..\src\GltfSceneLoader.cpp">
      <Filter>src</Filter>
    </ClCompile>
    <ClCompile Include="..\src\InputLayoutManager.cpp">
      <Filter>src</Filter>
    </ClCompile>
    <ClCompile Include="..\src\Main.cpp">
      <Filter>src</Filter>
    </ClCompile>
    <ClCompile Include="..\src\Material.cpp">
      <Filter>src</Filter>
    </ClCompile>
    <ClCompile Include="..\src\Mesh.cpp">
      <Filter>src</Filter>
    </ClCompile>
    <ClCompile Include="..\src\Model.cpp">
      <Filter>src</Filter>
    </ClCompile>
    <ClCompile Include="..\src\RenderPass.cpp">
      <Filter>src</Filter>
    </ClCompile>
    <ClCompile Include="..\src\Renderer.cpp">
      <Filter>src</Filter>
    </ClCompile>
    <ClCompile Include="..\src\Scene.cpp">
      <Filter>src</Filter>
    </ClCompile>
    <ClCompile Include="..\src\Texture.cpp">
      <Filter>src</Filter>
    </ClCompile>
    <ClCompile Include="..\src\View.cpp">
      <Filter>src</Filter>
    </ClCompile>
    <ClCompile Include="..\src\bdrMath.cpp">
      <Filter>src</Filter>
    </ClCompile>
    <ClCompile Include="..\src\pch.cpp">
      <Filter>src</Filter>
    </ClCompile>
    <ClCompile Include="..\src\Window.cpp" />
    <ClCompile Include="..\src\entry.cpp">
      <Filter>src</Filter>
    </ClCompile>
  </ItemGroup>
  <ItemGroup>
    <FxCompile Include="..\src\Shaders\basic_ps.hlsl">
      <Filter>src\Shaders</Filter>
    </FxCompile>
    <FxCompile Include="..\src\Shaders\basic_vs.hlsl">
      <Filter>src\Shaders</Filter>
    </FxCompile>
    <FxCompile Include="..\src\Shaders\pbr_shader.hlsl">
      <Filter>src\Shaders</Filter>
    </FxCompile>
  </ItemGroup>
  <ItemGroup>
    <None Include="packages.config" />
  </ItemGroup>
</Project>